
Microsoft Visual Studio Solution File, Format Version 12.00
# Visual Studio Version 17
VisualStudioVersion = 17.2.32630.192
MinimumVisualStudioVersion = 10.0.40219.1
Project("{9A19103F-16F7-4668-BE54-9A1E7A4F7556}") = "PGApi", "PGApi\PGApi.csproj", "{81EA9B86-D327-4BC0-B57F-48612132E485}"
EndProject
Project("{FAE04EC0-301F-11D3-BF4B-00C04F79EFBC}") = "PGApi.Infrastructure.SqlServer", "PGApi.Infrastructure.SqlServer\PGApi.Infrastructure.SqlServer.csproj", "{25E0D1DC-0F7D-4D9B-90BC-8D49DB8A655F}"
EndProject
Project("{FAE04EC0-301F-11D3-BF4B-00C04F79EFBC}") = "PGApi.Domain", "PGApi.Domain\PGApi.Domain.csproj", "{0A66EA50-4DB4-487B-9FE9-072CEF755B72}"
EndProject
Global
	GlobalSection(SolutionConfigurationPlatforms) = preSolution
		Debug|Any CPU = Debug|Any CPU
		Release|Any CPU = Release|Any CPU
	EndGlobalSection
	GlobalSection(ProjectConfigurationPlatforms) = postSolution
		{81EA9B86-D327-4BC0-B57F-48612132E485}.Debug|Any CPU.ActiveCfg = Debug|Any CPU
		{81EA9B86-D327-4BC0-B57F-48612132E485}.Debug|Any CPU.Build.0 = Debug|Any CPU
		{81EA9B86-D327-4BC0-B57F-48612132E485}.Release|Any CPU.ActiveCfg = Release|Any CPU
		{81EA9B86-D327-4BC0-B57F-48612132E485}.Release|Any CPU.Build.0 = Release|Any CPU
		{25E0D1DC-0F7D-4D9B-90BC-8D49DB8A655F}.Debug|Any CPU.ActiveCfg = Debug|Any CPU
		{25E0D1DC-0F7D-4D9B-90BC-8D49DB8A655F}.Debug|Any CPU.Build.0 = Debug|Any CPU
		{25E0D1DC-0F7D-4D9B-90BC-8D49DB8A655F}.Release|Any CPU.ActiveCfg = Release|Any CPU
		{25E0D1DC-0F7D-4D9B-90BC-8D49DB8A655F}.Release|Any CPU.Build.0 = Release|Any CPU
		{0A66EA50-4DB4-487B-9FE9-072CEF755B72}.Debug|Any CPU.ActiveCfg = Debug|Any CPU
		{0A66EA50-4DB4-487B-9FE9-072CEF755B72}.Debug|Any CPU.Build.0 = Debug|Any CPU
		{0A66EA50-4DB4-487B-9FE9-072CEF755B72}.Release|Any CPU.ActiveCfg = Release|Any CPU
		{0A66EA50-4DB4-487B-9FE9-072CEF755B72}.Release|Any CPU.Build.0 = Release|Any CPU
	EndGlobalSection
	GlobalSection(SolutionProperties) = preSolution
		HideSolutionNode = FALSE
	EndGlobalSection
	GlobalSection(ExtensibilityGlobals) = postSolution
		SolutionGuid = {C77BE133-467E-409C-889F-9FE1D999519B}
	EndGlobalSection
EndGlobal
